// !$*UTF8*$!
{
	archiveVersion = 1;
	classes = {
	};
	objectVersion = 46;
	objects = {

/* Begin PBXBuildFile section */
		79004D6C1A14471A0042BB06 /* main.m in Sources */ = {isa = PBXBuildFile; fileRef = 79004D6B1A14471A0042BB06 /* main.m */; };
		79004D6F1A14471A0042BB06 /* AppDelegate.m in Sources */ = {isa = PBXBuildFile; fileRef = 79004D6E1A14471A0042BB06 /* AppDelegate.m */; };
		79004D721A14471A0042BB06 /* ViewController.m in Sources */ = {isa = PBXBuildFile; fileRef = 79004D711A14471A0042BB06 /* ViewController.m */; };
		79004D771A14471A0042BB06 /* Images.xcassets in Resources */ = {isa = PBXBuildFile; fileRef = 79004D761A14471A0042BB06 /* Images.xcassets */; };
		79004D861A14471B0042BB06 /* google_mapTests.m in Sources */ = {isa = PBXBuildFile; fileRef = 79004D851A14471B0042BB06 /* google_mapTests.m */; };
		79004D911A1447440042BB06 /* GoogleMaps.framework in Frameworks */ = {isa = PBXBuildFile; fileRef = 79004D901A1447440042BB06 /* GoogleMaps.framework */; };
		79004D931A1447EA0042BB06 /* AVFoundation.framework in Frameworks */ = {isa = PBXBuildFile; fileRef = 79004D921A1447EA0042BB06 /* AVFoundation.framework */; };
		79004D951A1447F10042BB06 /* CoreData.framework in Frameworks */ = {isa = PBXBuildFile; fileRef = 79004D941A1447F10042BB06 /* CoreData.framework */; };
		79004D971A1447FC0042BB06 /* CoreLocation.framework in Frameworks */ = {isa = PBXBuildFile; fileRef = 79004D961A1447FC0042BB06 /* CoreLocation.framework */; };
		79004D991A1448040042BB06 /* CoreText.framework in Frameworks */ = {isa = PBXBuildFile; fileRef = 79004D981A1448040042BB06 /* CoreText.framework */; };
		79004D9B1A1448100042BB06 /* GLKit.framework in Frameworks */ = {isa = PBXBuildFile; fileRef = 79004D9A1A1448100042BB06 /* GLKit.framework */; };
		79004D9D1A1448170042BB06 /* ImageIO.framework in Frameworks */ = {isa = PBXBuildFile; fileRef = 79004D9C1A1448170042BB06 /* ImageIO.framework */; };
		79004D9F1A1448280042BB06 /* libc++.dylib in Frameworks */ = {isa = PBXBuildFile; fileRef = 79004D9E1A1448280042BB06 /* libc++.dylib */; };
		79004DA11A1448330042BB06 /* libicucore.dylib in Frameworks */ = {isa = PBXBuildFile; fileRef = 79004DA01A1448330042BB06 /* libicucore.dylib */; };
		79004DA31A14483D0042BB06 /* libz.dylib in Frameworks */ = {isa = PBXBuildFile; fileRef = 79004DA21A14483D0042BB06 /* libz.dylib */; };
		79004DA51A1448470042BB06 /* OpenGLES.framework in Frameworks */ = {isa = PBXBuildFile; fileRef = 79004DA41A1448470042BB06 /* OpenGLES.framework */; };
		79004DA71A1448500042BB06 /* QuartzCore.framework in Frameworks */ = {isa = PBXBuildFile; fileRef = 79004DA61A1448500042BB06 /* QuartzCore.framework */; };
		79004DA91A14485B0042BB06 /* SystemConfiguration.framework in Frameworks */ = {isa = PBXBuildFile; fileRef = 79004DA81A14485B0042BB06 /* SystemConfiguration.framework */; };
		79004DAB1A1449E70042BB06 /* GoogleMaps.bundle in Resources */ = {isa = PBXBuildFile; fileRef = 79004DAA1A1449E70042BB06 /* GoogleMaps.bundle */; };
/* End PBXBuildFile section */

/* Begin PBXContainerItemProxy section */
		79004D801A14471A0042BB06 /* PBXContainerItemProxy */ = {
			isa = PBXContainerItemProxy;
			containerPortal = 79004D5E1A14471A0042BB06 /* Project object */;
			proxyType = 1;
			remoteGlobalIDString = 79004D651A14471A0042BB06;
			remoteInfo = google.map;
		};
/* End PBXContainerItemProxy section */

/* Begin PBXFileReference section */
		79004D661A14471A0042BB06 /* google.map.app */ = {isa = PBXFileReference; explicitFileType = wrapper.application; includeInIndex = 0; path = google.map.app; sourceTree = BUILT_PRODUCTS_DIR; };
		79004D6A1A14471A0042BB06 /* Info.plist */ = {isa = PBXFileReference; lastKnownFileType = text.plist.xml; path = Info.plist; sourceTree = "<group>"; };
		79004D6B1A14471A0042BB06 /* main.m */ = {isa = PBXFileReference; lastKnownFileType = sourcecode.c.objc; path = main.m; sourceTree = "<group>"; };
		79004D6D1A14471A0042BB06 /* AppDelegate.h */ = {isa = PBXFileReference; lastKnownFileType = sourcecode.c.h; path = AppDelegate.h; sourceTree = "<group>"; };
		79004D6E1A14471A0042BB06 /* AppDelegate.m */ = {isa = PBXFileReference; lastKnownFileType = sourcecode.c.objc; path = AppDelegate.m; sourceTree = "<group>"; };
		79004D701A14471A0042BB06 /* ViewController.h */ = {isa = PBXFileReference; lastKnownFileType = sourcecode.c.h; path = ViewController.h; sourceTree = "<group>"; };
		79004D711A14471A0042BB06 /* ViewController.m */ = {isa = PBXFileReference; lastKnownFileType = sourcecode.c.objc; path = ViewController.m; sourceTree = "<group>"; };
		79004D761A14471A0042BB06 /* Images.xcassets */ = {isa = PBXFileReference; lastKnownFileType = folder.assetcatalog; path = Images.xcassets; sourceTree = "<group>"; };
		79004D7F1A14471A0042BB06 /* google.mapTests.xctest */ = {isa = PBXFileReference; explicitFileType = wrapper.cfbundle; includeInIndex = 0; path = google.mapTests.xctest; sourceTree = BUILT_PRODUCTS_DIR; };
		79004D841A14471B0042BB06 /* Info.plist */ = {isa = PBXFileReference; lastKnownFileType = text.plist.xml; path = Info.plist; sourceTree = "<group>"; };
		79004D851A14471B0042BB06 /* google_mapTests.m */ = {isa = PBXFileReference; lastKnownFileType = sourcecode.c.objc; path = google_mapTests.m; sourceTree = "<group>"; };
		79004D901A1447440042BB06 /* GoogleMaps.framework */ = {isa = PBXFileReference; lastKnownFileType = wrapper.framework; path = GoogleMaps.framework; sourceTree = "<group>"; };
		79004D921A1447EA0042BB06 /* AVFoundation.framework */ = {isa = PBXFileReference; lastKnownFileType = wrapper.framework; name = AVFoundation.framework; path = System/Library/Frameworks/AVFoundation.framework; sourceTree = SDKROOT; };
		79004D941A1447F10042BB06 /* CoreData.framework */ = {isa = PBXFileReference; lastKnownFileType = wrapper.framework; name = CoreData.framework; path = System/Library/Frameworks/CoreData.framework; sourceTree = SDKROOT; };
		79004D961A1447FC0042BB06 /* CoreLocation.framework */ = {isa = PBXFileReference; lastKnownFileType = wrapper.framework; name = CoreLocation.framework; path = System/Library/Frameworks/CoreLocation.framework; sourceTree = SDKROOT; };
		79004D981A1448040042BB06 /* CoreText.framework */ = {isa = PBXFileReference; lastKnownFileType = wrapper.framework; name = CoreText.framework; path = System/Library/Frameworks/CoreText.framework; sourceTree = SDKROOT; };
		79004D9A1A1448100042BB06 /* GLKit.framework */ = {isa = PBXFileReference; lastKnownFileType = wrapper.framework; name = GLKit.framework; path = System/Library/Frameworks/GLKit.framework; sourceTree = SDKROOT; };
		79004D9C1A1448170042BB06 /* ImageIO.framework */ = {isa = PBXFileReference; lastKnownFileType = wrapper.framework; name = ImageIO.framework; path = System/Library/Frameworks/ImageIO.framework; sourceTree = SDKROOT; };
		79004D9E1A1448280042BB06 /* libc++.dylib */ = {isa = PBXFileReference; lastKnownFileType = "compiled.mach-o.dylib"; name = "libc++.dylib"; path = "usr/lib/libc++.dylib"; sourceTree = SDKROOT; };
		79004DA01A1448330042BB06 /* libicucore.dylib */ = {isa = PBXFileReference; lastKnownFileType = "compiled.mach-o.dylib"; name = libicucore.dylib; path = usr/lib/libicucore.dylib; sourceTree = SDKROOT; };
		79004DA21A14483D0042BB06 /* libz.dylib */ = {isa = PBXFileReference; lastKnownFileType = "compiled.mach-o.dylib"; name = libz.dylib; path = usr/lib/libz.dylib; sourceTree = SDKROOT; };
		79004DA41A1448470042BB06 /* OpenGLES.framework */ = {isa = PBXFileReference; lastKnownFileType = wrapper.framework; name = OpenGLES.framework; path = System/Library/Frameworks/OpenGLES.framework; sourceTree = SDKROOT; };
		79004DA61A1448500042BB06 /* QuartzCore.framework */ = {isa = PBXFileReference; lastKnownFileType = wrapper.framework; name = QuartzCore.framework; path = System/Library/Frameworks/QuartzCore.framework; sourceTree = SDKROOT; };
		79004DA81A14485B0042BB06 /* SystemConfiguration.framework */ = {isa = PBXFileReference; lastKnownFileType = wrapper.framework; name = SystemConfiguration.framework; path = System/Library/Frameworks/SystemConfiguration.framework; sourceTree = SDKROOT; };
		79004DAA1A1449E70042BB06 /* GoogleMaps.bundle */ = {isa = PBXFileReference; lastKnownFileType = "wrapper.plug-in"; name = GoogleMaps.bundle; path = GoogleMaps.framework/Versions/A/Resources/GoogleMaps.bundle; sourceTree = "<group>"; };
/* End PBXFileReference section */

/* Begin PBXFrameworksBuildPhase section */
		79004D631A14471A0042BB06 /* Frameworks */ = {
			isa = PBXFrameworksBuildPhase;
			buildActionMask = 2147483647;
			files = (
				79004DA91A14485B0042BB06 /* SystemConfiguration.framework in Frameworks */,
				79004DA71A1448500042BB06 /* QuartzCore.framework in Frameworks */,
				79004DA51A1448470042BB06 /* OpenGLES.framework in Frameworks */,
				79004DA31A14483D0042BB06 /* libz.dylib in Frameworks */,
				79004DA11A1448330042BB06 /* libicucore.dylib in Frameworks */,
				79004D9F1A1448280042BB06 /* libc++.dylib in Frameworks */,
				79004D9D1A1448170042BB06 /* ImageIO.framework in Frameworks */,
				79004D9B1A1448100042BB06 /* GLKit.framework in Frameworks */,
				79004D991A1448040042BB06 /* CoreText.framework in Frameworks */,
				79004D971A1447FC0042BB06 /* CoreLocation.framework in Frameworks */,
				79004D951A1447F10042BB06 /* CoreData.framework in Frameworks */,
				79004D931A1447EA0042BB06 /* AVFoundation.framework in Frameworks */,
				79004D911A1447440042BB06 /* GoogleMaps.framework in Frameworks */,
			);
			runOnlyForDeploymentPostprocessing = 0;
		};
		79004D7C1A14471A0042BB06 /* Frameworks */ = {
			isa = PBXFrameworksBuildPhase;
			buildActionMask = 2147483647;
			files = (
			);
			runOnlyForDeploymentPostprocessing = 0;
		};
/* End PBXFrameworksBuildPhase section */

/* Begin PBXGroup section */
		79004D5D1A14471A0042BB06 = {
			isa = PBXGroup;
			children = (
				79004D681A14471A0042BB06 /* google.map */,
				79004D821A14471B0042BB06 /* google.mapTests */,
				79004D671A14471A0042BB06 /* Products */,
			);
			sourceTree = "<group>";
		};
		79004D671A14471A0042BB06 /* Products */ = {
			isa = PBXGroup;
			children = (
				79004D661A14471A0042BB06 /* google.map.app */,
				79004D7F1A14471A0042BB06 /* google.mapTests.xctest */,
			);
			name = Products;
			sourceTree = "<group>";
		};
		79004D681A14471A0042BB06 /* google.map */ = {
			isa = PBXGroup;
			children = (
				79004D8F1A1447330042BB06 /* Lib */,
				79004D6D1A14471A0042BB06 /* AppDelegate.h */,
				79004D6E1A14471A0042BB06 /* AppDelegate.m */,
				79004D701A14471A0042BB06 /* ViewController.h */,
				79004D711A14471A0042BB06 /* ViewController.m */,
				79004D761A14471A0042BB06 /* Images.xcassets */,
				79004D691A14471A0042BB06 /* Supporting Files */,
			);
			path = google.map;
			sourceTree = "<group>";
		};
		79004D691A14471A0042BB06 /* Supporting Files */ = {
			isa = PBXGroup;
			children = (
				79004D6A1A14471A0042BB06 /* Info.plist */,
				79004D6B1A14471A0042BB06 /* main.m */,
			);
			name = "Supporting Files";
			sourceTree = "<group>";
		};
		79004D821A14471B0042BB06 /* google.mapTests */ = {
			isa = PBXGroup;
			children = (
				79004D851A14471B0042BB06 /* google_mapTests.m */,
				79004D831A14471B0042BB06 /* Supporting Files */,
			);
			path = google.mapTests;
			sourceTree = "<group>";
		};
		79004D831A14471B0042BB06 /* Supporting Files */ = {
			isa = PBXGroup;
			children = (
				79004D841A14471B0042BB06 /* Info.plist */,
			);
			name = "Supporting Files";
			sourceTree = "<group>";
		};
		79004D8F1A1447330042BB06 /* Lib */ = {
			isa = PBXGroup;
			children = (
				79004DAA1A1449E70042BB06 /* GoogleMaps.bundle */,
				79004DA81A14485B0042BB06 /* SystemConfiguration.framework */,
				79004DA61A1448500042BB06 /* QuartzCore.framework */,
				79004DA41A1448470042BB06 /* OpenGLES.framework */,
				79004DA21A14483D0042BB06 /* libz.dylib */,
				79004DA01A1448330042BB06 /* libicucore.dylib */,
				79004D9E1A1448280042BB06 /* libc++.dylib */,
				79004D9C1A1448170042BB06 /* ImageIO.framework */,
				79004D9A1A1448100042BB06 /* GLKit.framework */,
				79004D981A1448040042BB06 /* CoreText.framework */,
				79004D961A1447FC0042BB06 /* CoreLocation.framework */,
				79004D941A1447F10042BB06 /* CoreData.framework */,
				79004D921A1447EA0042BB06 /* AVFoundation.framework */,
				79004D901A1447440042BB06 /* GoogleMaps.framework */,
			);
			name = Lib;
			sourceTree = "<group>";
		};
/* End PBXGroup section */

/* Begin PBXNativeTarget section */
		79004D651A14471A0042BB06 /* google.map */ = {
			isa = PBXNativeTarget;
			buildConfigurationList = 79004D891A14471B0042BB06 /* Build configuration list for PBXNativeTarget "google.map" */;
			buildPhases = (
				79004D621A14471A0042BB06 /* Sources */,
				79004D631A14471A0042BB06 /* Frameworks */,
				79004D641A14471A0042BB06 /* Resources */,
			);
			buildRules = (
			);
			dependencies = (
			);
			name = google.map;
			productName = google.map;
			productReference = 79004D661A14471A0042BB06 /* google.map.app */;
			productType = "com.apple.product-type.application";
		};
		79004D7E1A14471A0042BB06 /* google.mapTests */ = {
			isa = PBXNativeTarget;
			buildConfigurationList = 79004D8C1A14471B0042BB06 /* Build configuration list for PBXNativeTarget "google.mapTests" */;
			buildPhases = (
				79004D7B1A14471A0042BB06 /* Sources */,
				79004D7C1A14471A0042BB06 /* Frameworks */,
				79004D7D1A14471A0042BB06 /* Resources */,
			);
			buildRules = (
			);
			dependencies = (
				79004D811A14471A0042BB06 /* PBXTargetDependency */,
			);
			name = google.mapTests;
			productName = google.mapTests;
			productReference = 79004D7F1A14471A0042BB06 /* google.mapTests.xctest */;
			productType = "com.apple.product-type.bundle.unit-test";
		};
/* End PBXNativeTarget section */

/* Begin PBXProject section */
		79004D5E1A14471A0042BB06 /* Project object */ = {
			isa = PBXProject;
			attributes = {
				LastUpgradeCheck = 0610;
				ORGANIZATIONNAME = apc;
				TargetAttributes = {
					79004D651A14471A0042BB06 = {
						CreatedOnToolsVersion = 6.1;
					};
					79004D7E1A14471A0042BB06 = {
						CreatedOnToolsVersion = 6.1;
						TestTargetID = 79004D651A14471A0042BB06;
					};
				};
			};
			buildConfigurationList = 79004D611A14471A0042BB06 /* Build configuration list for PBXProject "google.map" */;
			compatibilityVersion = "Xcode 3.2";
			developmentRegion = English;
			hasScannedForEncodings = 0;
			knownRegions = (
				en,
				Base,
			);
			mainGroup = 79004D5D1A14471A0042BB06;
			productRefGroup = 79004D671A14471A0042BB06 /* Products */;
			projectDirPath = "";
			projectRoot = "";
			targets = (
				79004D651A14471A0042BB06 /* google.map */,
				79004D7E1A14471A0042BB06 /* google.mapTests */,
			);
		};
/* End PBXProject section */

/* Begin PBXResourcesBuildPhase section */
		79004D641A14471A0042BB06 /* Resources */ = {
			isa = PBXResourcesBuildPhase;
			buildActionMask = 2147483647;
			files = (
				79004D771A14471A0042BB06 /* Images.xcassets in Resources */,
				79004DAB1A1449E70042BB06 /* GoogleMaps.bundle in Resources */,
			);
			runOnlyForDeploymentPostprocessing = 0;
		};
		79004D7D1A14471A0042BB06 /* Resources */ = {
			isa = PBXResourcesBuildPhase;
			buildActionMask = 2147483647;
			files = (
			);
			runOnlyForDeploymentPostprocessing = 0;
		};
/* End PBXResourcesBuildPhase section */

/* Begin PBXSourcesBuildPhase section */
		79004D621A14471A0042BB06 /* Sources */ = {
			isa = PBXSourcesBuildPhase;
			buildActionMask = 2147483647;
			files = (
				79004D721A14471A0042BB06 /* ViewController.m in Sources */,
				79004D6F1A14471A0042BB06 /* AppDelegate.m in Sources */,
				79004D6C1A14471A0042BB06 /* main.m in Sources */,
			);
			runOnlyForDeploymentPostprocessing = 0;
		};
		79004D7B1A14471A0042BB06 /* Sources */ = {
			isa = PBXSourcesBuildPhase;
			buildActionMask = 2147483647;
			files = (
				79004D861A14471B0042BB06 /* google_mapTests.m in Sources */,
			);
			runOnlyForDeploymentPostprocessing = 0;
		};
/* End PBXSourcesBuildPhase section */

/* Begin PBXTargetDependency section */
		79004D811A14471A0042BB06 /* PBXTargetDependency */ = {
			isa = PBXTargetDependency;
			target = 79004D651A14471A0042BB06 /* google.map */;
			targetProxy = 79004D801A14471A0042BB06 /* PBXContainerItemProxy */;
		};
/* End PBXTargetDependency section */

/* Begin XCBuildConfiguration section */
		79004D871A14471B0042BB06 /* Debug */ = {
			isa = XCBuildConfiguration;
			buildSettings = {
				ALWAYS_SEARCH_USER_PATHS = NO;
				CLANG_CXX_LANGUAGE_STANDARD = "gnu++0x";
				CLANG_CXX_LIBRARY = "libc++";
				CLANG_ENABLE_MODULES = YES;
				CLANG_ENABLE_OBJC_ARC = YES;
				CLANG_WARN_BOOL_CONVERSION = YES;
				CLANG_WARN_CONSTANT_CONVERSION = YES;
				CLANG_WARN_DIRECT_OBJC_ISA_USAGE = YES_ERROR;
				CLANG_WARN_EMPTY_BODY = YES;
				CLANG_WARN_ENUM_CONVERSION = YES;
				CLANG_WARN_INT_CONVERSION = YES;
				CLANG_WARN_OBJC_ROOT_CLASS = YES_ERROR;
				CLANG_WARN_UNREACHABLE_CODE = YES;
				CLANG_WARN__DUPLICATE_METHOD_MATCH = YES;
				"CODE_SIGN_IDENTITY[sdk=iphoneos*]" = "iPhone Developer";
				COPY_PHASE_STRIP = NO;
				ENABLE_STRICT_OBJC_MSGSEND = YES;
				GCC_C_LANGUAGE_STANDARD = gnu99;
				GCC_DYNAMIC_NO_PIC = NO;
				GCC_OPTIMIZATION_LEVEL = 0;
				GCC_PREPROCESSOR_DEFINITIONS = (
					"DEBUG=1",
					"$(inherited)",
				);
				GCC_SYMBOLS_PRIVATE_EXTERN = NO;
				GCC_WARN_64_TO_32_BIT_CONVERSION = YES;
				GCC_WARN_ABOUT_RETURN_TYPE = YES_ERROR;
				GCC_WARN_UNDECLARED_SELECTOR = YES;
				GCC_WARN_UNINITIALIZED_AUTOS = YES_AGGRESSIVE;
				GCC_WARN_UNUSED_FUNCTION = YES;
				GCC_WARN_UNUSED_VARIABLE = YES;
				IPHONEOS_DEPLOYMENT_TARGET = 8.1;
				MTL_ENABLE_DEBUG_INFO = YES;
				ONLY_ACTIVE_ARCH = YES;
				SDKROOT = iphoneos;
			};
			name = Debug;
		};
		79004D881A14471B0042BB06 /* Release */ = {
			isa = XCBuildConfiguration;
			buildSettings = {
				ALWAYS_SEARCH_USER_PATHS = NO;
				CLANG_CXX_LANGUAGE_STANDARD = "gnu++0x";
				CLANG_CXX_LIBRARY = "libc++";
				CLANG_ENABLE_MODULES = YES;
				CLANG_ENABLE_OBJC_ARC = YES;
				CLANG_WARN_BOOL_CONVERSION = YES;
				CLANG_WARN_CONSTANT_CONVERSION = YES;
				CLANG_WARN_DIRECT_OBJC_ISA_USAGE = YES_ERROR;
				CLANG_WARN_EMPTY_BODY = YES;
				CLANG_WARN_ENUM_CONVERSION = YES;
				CLANG_WARN_INT_CONVERSION = YES;
				CLANG_WARN_OBJC_ROOT_CLASS = YES_ERROR;
				CLANG_WARN_UNREACHABLE_CODE = YES;
				CLANG_WARN__DUPLICATE_METHOD_MATCH = YES;
				"CODE_SIGN_IDENTITY[sdk=iphoneos*]" = "iPhone Developer";
				COPY_PHASE_STRIP = YES;
				ENABLE_NS_ASSERTIONS = NO;
				ENABLE_STRICT_OBJC_MSGSEND = YES;
				GCC_C_LANGUAGE_STANDARD = gnu99;
				GCC_WARN_64_TO_32_BIT_CONVERSION = YES;
				GCC_WARN_ABOUT_RETURN_TYPE = YES_ERROR;
				GCC_WARN_UNDECLARED_SELECTOR = YES;
				GCC_WARN_UNINITIALIZED_AUTOS = YES_AGGRESSIVE;
				GCC_WARN_UNUSED_FUNCTION = YES;
				GCC_WARN_UNUSED_VARIABLE = YES;
				IPHONEOS_DEPLOYMENT_TARGET = 8.1;
				MTL_ENABLE_DEBUG_INFO = NO;
				SDKROOT = iphoneos;
				VALIDATE_PRODUCT = YES;
			};
			name = Release;
		};
		79004D8A1A14471B0042BB06 /* Debug */ = {
			isa = XCBuildConfiguration;
			buildSettings = {
				ASSETCATALOG_COMPILER_APPICON_NAME = AppIcon;
				ASSETCATALOG_COMPILER_LAUNCHIMAGE_NAME = LaunchImage;
				FRAMEWORK_SEARCH_PATHS = (
					"$(inherited)",
					"$(PROJECT_DIR)/google.map",
				);
				INFOPLIST_FILE = google.map/Info.plist;
				IPHONEOS_DEPLOYMENT_TARGET = 7.0;
				LD_RUNPATH_SEARCH_PATHS = "$(inherited) @executable_path/Frameworks";
				OTHER_LDFLAGS = "-ObjC";
				PRODUCT_NAME = "$(TARGET_NAME)";
			};
			name = Debug;
		};
		79004D8B1A14471B0042BB06 /* Release */ = {
			isa = XCBuildConfiguration;
			buildSettings = {
				ASSETCATALOG_COMPILER_APPICON_NAME = AppIcon;
				ASSETCATALOG_COMPILER_LAUNCHIMAGE_NAME = LaunchImage;
				FRAMEWORK_SEARCH_PATHS = (
					"$(inherited)",
					"$(PROJECT_DIR)/google.map",
				);
				INFOPLIST_FILE = google.map/Info.plist;
				IPHONEOS_DEPLOYMENT_TARGET = 7.0;
				LD_RUNPATH_SEARCH_PATHS = "$(inherited) @executable_path/Frameworks";
				OTHER_LDFLAGS = "-ObjC";
				PRODUCT_NAME = "$(TARGET_NAME)";
			};
			name = Release;
		};
		79004D8D1A14471B0042BB06 /* Debug */ = {
			isa = XCBuildConfiguration;
			buildSettings = {
				BUNDLE_LOADER = "$(TEST_HOST)";
				FRAMEWORK_SEARCH_PATHS = (
					"$(SDKROOT)/Developer/Library/Frameworks",
					"$(inherited)",
				);
				GCC_PREPROCESSOR_DEFINITIONS = (
					"DEBUG=1",
					"$(inherited)",
				);
				INFOPLIST_FILE = google.mapTests/Info.plist;
				LD_RUNPATH_SEARCH_PATHS = "$(inherited) @executable_path/Frameworks @loader_path/Frameworks";
				PRODUCT_NAME = "$(TARGET_NAME)";
				TEST_HOST = "$(BUILT_PRODUCTS_DIR)/google.map.app/google.map";
			};
			name = Debug;
		};
		79004D8E1A14471B0042BB06 /* Release */ = {
			isa = XCBuildConfiguration;
			buildSettings = {
				BUNDLE_LOADER = "$(TEST_HOST)";
				FRAMEWORK_SEARCH_PATHS = (
					"$(SDKROOT)/Developer/Library/Frameworks",
					"$(inherited)",
				);
				INFOPLIST_FILE = google.mapTests/Info.plist;
				LD_RUNPATH_SEARCH_PATHS = "$(inherited) @executable_path/Frameworks @loader_path/Frameworks";
				PRODUCT_NAME = "$(TARGET_NAME)";
				TEST_HOST = "$(BUILT_PRODUCTS_DIR)/google.map.app/google.map";
			};
			name = Release;
		};
/* End XCBuildConfiguration section */

/* Begin XCConfigurationList section */
		79004D611A14471A0042BB06 /* Build configuration list for PBXProject "google.map" */ = {
			isa = XCConfigurationList;
			buildConfigurations = (
				79004D871A14471B0042BB06 /* Debug */,
				79004D881A14471B0042BB06 /* Release */,
			);
			defaultConfigurationIsVisible = 0;
			defaultConfigurationName = Release;
		};
		79004D891A14471B0042BB06 /* Build configuration list for PBXNativeTarget "google.map" */ = {
			isa = XCConfigurationList;
			buildConfigurations = (
				79004D8A1A14471B0042BB06 /* Debug */,
				79004D8B1A14471B0042BB06 /* Release */,
			);
			defaultConfigurationIsVisible = 0;
		};
		79004D8C1A14471B0042BB06 /* Build configuration list for PBXNativeTarget "google.mapTests" */ = {
			isa = XCConfigurationList;
			buildConfigurations = (
				79004D8D1A14471B0042BB06 /* Debug */,
				79004D8E1A14471B0042BB06 /* Release */,
			);
			defaultConfigurationIsVisible = 0;
		};
/* End XCConfigurationList section */
	};
	rootObject = 79004D5E1A14471A0042BB06 /* Project object */;
}
